
Microsoft Visual Studio Solution File, Format Version 12.00
# Visual Studio 15
VisualStudioVersion = 15.0.27703.1
MinimumVisualStudioVersion = 10.0.40219.1
Project("{FAE04EC0-301F-11D3-BF4B-00C04F79EFBC}") = "QAAssignment2", "QAAssignment2\QAAssignment2.csproj", "{3F11AF5F-DC3B-4DCF-8F14-ADE0627A8775}"
EndProject
Global
	GlobalSection(SolutionConfigurationPlatforms) = preSolution
		Debug|Any CPU = Debug|Any CPU
		Release|Any CPU = Release|Any CPU
	EndGlobalSection
	GlobalSection(ProjectConfigurationPlatforms) = postSolution
		{3F11AF5F-DC3B-4DCF-8F14-ADE0627A8775}.Debug|Any CPU.ActiveCfg = Debug|Any CPU
		{3F11AF5F-DC3B-4DCF-8F14-ADE0627A8775}.Debug|Any CPU.Build.0 = Debug|Any CPU
		{3F11AF5F-DC3B-4DCF-8F14-ADE0627A8775}.Release|Any CPU.ActiveCfg = Release|Any CPU
		{3F11AF5F-DC3B-4DCF-8F14-ADE0627A8775}.Release|Any CPU.Build.0 = Release|Any CPU
	EndGlobalSection
	GlobalSection(SolutionProperties) = preSolution
		HideSolutionNode = FALSE
	EndGlobalSection
	GlobalSection(ExtensibilityGlobals) = postSolution
		SolutionGuid = {A4CFB778-76B4-4C16-97A0-C9B4210AAC5B}
	EndGlobalSection
EndGlobal
